
Microsoft Visual Studio Solution File, Format Version 12.00
# Visual Studio Version 17
VisualStudioVersion = 17.0.31912.275
MinimumVisualStudioVersion = 10.0.40219.1
Project("{F2A71F9B-5D33-465A-A702-920D77279786}") = "AdventOfCode2022", "AdventOfCode2022\AdventOfCode2022.fsproj", "{224EDB10-D3EE-4E2C-A973-EE13E3ACDBEE}"
EndProject
Global
	GlobalSection(SolutionConfigurationPlatforms) = preSolution
		Debug|Any CPU = Debug|Any CPU
		Release|Any CPU = Release|Any CPU
	EndGlobalSection
	GlobalSection(ProjectConfigurationPlatforms) = postSolution
		{224EDB10-D3EE-4E2C-A973-EE13E3ACDBEE}.Debug|Any CPU.ActiveCfg = Debug|Any CPU
		{224EDB10-D3EE-4E2C-A973-EE13E3ACDBEE}.Debug|Any CPU.Build.0 = Debug|Any CPU
		{224EDB10-D3EE-4E2C-A973-EE13E3ACDBEE}.Release|Any CPU.ActiveCfg = Release|Any CPU
		{224EDB10-D3EE-4E2C-A973-EE13E3ACDBEE}.Release|Any CPU.Build.0 = Release|Any CPU
	EndGlobalSection
	GlobalSection(SolutionProperties) = preSolution
		HideSolutionNode = FALSE
	EndGlobalSection
	GlobalSection(ExtensibilityGlobals) = postSolution
		SolutionGuid = {48269B85-4BBA-470F-BC29-8B2CE41BFA98}
	EndGlobalSection
EndGlobal
